// !$*UTF8*$!
{
	archiveVersion = 1;
	classes = {
	};
	objectVersion = 50;
	objects = {

/* Begin PBXBuildFile section */
		563E867521F8E5B70005A17A /* ComController+UITableView.swift in Sources */ = {isa = PBXBuildFile; fileRef = 563E867421F8E5B70005A17A /* ComController+UITableView.swift */; };
		563E867721F8EB010005A17A /* EmployeesController.swift in Sources */ = {isa = PBXBuildFile; fileRef = 563E867621F8EB010005A17A /* EmployeesController.swift */; };
		563E867921F8F2A80005A17A /* AddEmployeeController.swift in Sources */ = {isa = PBXBuildFile; fileRef = 563E867821F8F2A80005A17A /* AddEmployeeController.swift */; };
		563EF18321F4032B007BF390 /* NOT_USED.xcdatamodeld in Sources */ = {isa = PBXBuildFile; fileRef = 563EF18121F4032B007BF390 /* NOT_USED.xcdatamodeld */; };
		563F3A1F21F3B1BB005F4FD3 /* AddCompanyController.swift in Sources */ = {isa = PBXBuildFile; fileRef = 563F3A1E21F3B1BB005F4FD3 /* AddCompanyController.swift */; };
		5646D41F21FBC3BC00AEBDA2 /* NetworkService.swift in Sources */ = {isa = PBXBuildFile; fileRef = 5646D41E21FBC3BC00AEBDA2 /* NetworkService.swift */; };
		56501D2521F8C40E00B0E29F /* CompanyCell.swift in Sources */ = {isa = PBXBuildFile; fileRef = 56501D2421F8C40E00B0E29F /* CompanyCell.swift */; };
		5673D0E6220F5CD6007A5905 /* EntitiesModels.swift in Sources */ = {isa = PBXBuildFile; fileRef = 5673D0E5220F5CD6007A5905 /* EntitiesModels.swift */; };
		5673D0E8220F7BFA007A5905 /* RealmModels.swift in Sources */ = {isa = PBXBuildFile; fileRef = 5673D0E7220F7BFA007A5905 /* RealmModels.swift */; };
		569F855C21F3DD260099830A /* SUtils.swift in Sources */ = {isa = PBXBuildFile; fileRef = 569F855B21F3DD260099830A /* SUtils.swift */; };
		56FD127A21F37F8E00003E76 /* AppDelegate.swift in Sources */ = {isa = PBXBuildFile; fileRef = 56FD127921F37F8E00003E76 /* AppDelegate.swift */; };
		56FD127C21F37F8E00003E76 /* ComController.swift in Sources */ = {isa = PBXBuildFile; fileRef = 56FD127B21F37F8E00003E76 /* ComController.swift */; };
		56FD128121F37F8F00003E76 /* Assets.xcassets in Resources */ = {isa = PBXBuildFile; fileRef = 56FD128021F37F8F00003E76 /* Assets.xcassets */; };
		56FD128421F37F8F00003E76 /* LaunchScreen.storyboard in Resources */ = {isa = PBXBuildFile; fileRef = 56FD128221F37F8F00003E76 /* LaunchScreen.storyboard */; };
		56FD128D21F3833800003E76 /* Extensions + statics.swift in Sources */ = {isa = PBXBuildFile; fileRef = 56FD128C21F3833800003E76 /* Extensions + statics.swift */; };
		56FD128F21F393F000003E76 /* Props.swift in Sources */ = {isa = PBXBuildFile; fileRef = 56FD128E21F393F000003E76 /* Props.swift */; };
		9569ECFF872AE34B665438F5 /* Pods_Seeker.framework in Frameworks */ = {isa = PBXBuildFile; fileRef = 6312DC9BE2DE990C1371929D /* Pods_Seeker.framework */; };
/* End PBXBuildFile section */

/* Begin PBXFileReference section */
		563E867421F8E5B70005A17A /* ComController+UITableView.swift */ = {isa = PBXFileReference; lastKnownFileType = sourcecode.swift; path = "ComController+UITableView.swift"; sourceTree = "<group>"; };
		563E867621F8EB010005A17A /* EmployeesController.swift */ = {isa = PBXFileReference; lastKnownFileType = sourcecode.swift; path = EmployeesController.swift; sourceTree = "<group>"; };
		563E867821F8F2A80005A17A /* AddEmployeeController.swift */ = {isa = PBXFileReference; lastKnownFileType = sourcecode.swift; path = AddEmployeeController.swift; sourceTree = "<group>"; };
		563EF18221F4032B007BF390 /* CoreDataModel.xcdatamodel */ = {isa = PBXFileReference; lastKnownFileType = wrapper.xcdatamodel; path = CoreDataModel.xcdatamodel; sourceTree = "<group>"; };
		563F3A1E21F3B1BB005F4FD3 /* AddCompanyController.swift */ = {isa = PBXFileReference; lastKnownFileType = sourcecode.swift; path = AddCompanyController.swift; sourceTree = "<group>"; };
		5645F8FB21FCA15800909518 /* CoreDataModel v1.1.xcdatamodel */ = {isa = PBXFileReference; lastKnownFileType = wrapper.xcdatamodel; path = "CoreDataModel v1.1.xcdatamodel"; sourceTree = "<group>"; };
		5646D41E21FBC3BC00AEBDA2 /* NetworkService.swift */ = {isa = PBXFileReference; lastKnownFileType = sourcecode.swift; path = NetworkService.swift; sourceTree = "<group>"; };
		56501D2421F8C40E00B0E29F /* CompanyCell.swift */ = {isa = PBXFileReference; lastKnownFileType = sourcecode.swift; path = CompanyCell.swift; sourceTree = "<group>"; };
		5673D0E5220F5CD6007A5905 /* EntitiesModels.swift */ = {isa = PBXFileReference; lastKnownFileType = sourcecode.swift; path = EntitiesModels.swift; sourceTree = "<group>"; };
		5673D0E7220F7BFA007A5905 /* RealmModels.swift */ = {isa = PBXFileReference; lastKnownFileType = sourcecode.swift; path = RealmModels.swift; sourceTree = "<group>"; };
		569F855B21F3DD260099830A /* SUtils.swift */ = {isa = PBXFileReference; lastKnownFileType = sourcecode.swift; path = SUtils.swift; sourceTree = "<group>"; };
		56FD127621F37F8E00003E76 /* Seeker.app */ = {isa = PBXFileReference; explicitFileType = wrapper.application; includeInIndex = 0; path = Seeker.app; sourceTree = BUILT_PRODUCTS_DIR; };
		56FD127921F37F8E00003E76 /* AppDelegate.swift */ = {isa = PBXFileReference; lastKnownFileType = sourcecode.swift; path = AppDelegate.swift; sourceTree = "<group>"; };
		56FD127B21F37F8E00003E76 /* ComController.swift */ = {isa = PBXFileReference; lastKnownFileType = sourcecode.swift; path = ComController.swift; sourceTree = "<group>"; };
		56FD128021F37F8F00003E76 /* Assets.xcassets */ = {isa = PBXFileReference; lastKnownFileType = folder.assetcatalog; path = Assets.xcassets; sourceTree = "<group>"; };
		56FD128321F37F8F00003E76 /* Base */ = {isa = PBXFileReference; lastKnownFileType = file.storyboard; name = Base; path = Base.lproj/LaunchScreen.storyboard; sourceTree = "<group>"; };
		56FD128521F37F8F00003E76 /* Info.plist */ = {isa = PBXFileReference; lastKnownFileType = text.plist.xml; path = Info.plist; sourceTree = "<group>"; };
		56FD128C21F3833800003E76 /* Extensions + statics.swift */ = {isa = PBXFileReference; lastKnownFileType = sourcecode.swift; path = "Extensions + statics.swift"; sourceTree = "<group>"; };
		56FD128E21F393F000003E76 /* Props.swift */ = {isa = PBXFileReference; lastKnownFileType = sourcecode.swift; path = Props.swift; sourceTree = "<group>"; };
		6312DC9BE2DE990C1371929D /* Pods_Seeker.framework */ = {isa = PBXFileReference; explicitFileType = wrapper.framework; includeInIndex = 0; path = Pods_Seeker.framework; sourceTree = BUILT_PRODUCTS_DIR; };
		66DBCC60347F380876F5AA6A /* Pods-Seeker.debug.xcconfig */ = {isa = PBXFileReference; includeInIndex = 1; lastKnownFileType = text.xcconfig; name = "Pods-Seeker.debug.xcconfig"; path = "Pods/Target Support Files/Pods-Seeker/Pods-Seeker.debug.xcconfig"; sourceTree = "<group>"; };
		85C8DC0C3CD474C249EB0B63 /* Pods-Seeker.release.xcconfig */ = {isa = PBXFileReference; includeInIndex = 1; lastKnownFileType = text.xcconfig; name = "Pods-Seeker.release.xcconfig"; path = "Pods/Target Support Files/Pods-Seeker/Pods-Seeker.release.xcconfig"; sourceTree = "<group>"; };
/* End PBXFileReference section */

/* Begin PBXFrameworksBuildPhase section */
		56FD127321F37F8E00003E76 /* Frameworks */ = {
			isa = PBXFrameworksBuildPhase;
			buildActionMask = 2147483647;
			files = (
				9569ECFF872AE34B665438F5 /* Pods_Seeker.framework in Frameworks */,
			);
			runOnlyForDeploymentPostprocessing = 0;
		};
/* End PBXFrameworksBuildPhase section */

/* Begin PBXGroup section */
		1E2C6B203D5AFD139493CE46 /* Pods */ = {
			isa = PBXGroup;
			children = (
				66DBCC60347F380876F5AA6A /* Pods-Seeker.debug.xcconfig */,
				85C8DC0C3CD474C249EB0B63 /* Pods-Seeker.release.xcconfig */,
			);
			name = Pods;
			sourceTree = "<group>";
		};
		2DA6279E93FAA54E8843C540 /* Frameworks */ = {
			isa = PBXGroup;
			children = (
				6312DC9BE2DE990C1371929D /* Pods_Seeker.framework */,
			);
			name = Frameworks;
			sourceTree = "<group>";
		};
		563F3A2021F3B24A005F4FD3 /* Controllers */ = {
			isa = PBXGroup;
			children = (
				564E16E321F9DEDD00F51934 /* Companies */,
				564E16E421F9DEFC00F51934 /* Employees */,
			);
			path = Controllers;
			sourceTree = "<group>";
		};
		564E16E321F9DEDD00F51934 /* Companies */ = {
			isa = PBXGroup;
			children = (
				56FD127B21F37F8E00003E76 /* ComController.swift */,
				563E867421F8E5B70005A17A /* ComController+UITableView.swift */,
				563F3A1E21F3B1BB005F4FD3 /* AddCompanyController.swift */,
			);
			path = Companies;
			sourceTree = "<group>";
		};
		564E16E421F9DEFC00F51934 /* Employees */ = {
			isa = PBXGroup;
			children = (
				563E867621F8EB010005A17A /* EmployeesController.swift */,
				563E867821F8F2A80005A17A /* AddEmployeeController.swift */,
			);
			path = Employees;
			sourceTree = "<group>";
		};
		56501D2321F8C3EC00B0E29F /* Views */ = {
			isa = PBXGroup;
			children = (
				56501D2421F8C40E00B0E29F /* CompanyCell.swift */,
			);
			path = Views;
			sourceTree = "<group>";
		};
		5673D0E4220F5C92007A5905 /* Models */ = {
			isa = PBXGroup;
			children = (
				5673D0E5220F5CD6007A5905 /* EntitiesModels.swift */,
				5673D0E7220F7BFA007A5905 /* RealmModels.swift */,
			);
			path = Models;
			sourceTree = "<group>";
		};
		56FD126D21F37F8E00003E76 = {
			isa = PBXGroup;
			children = (
				56FD127821F37F8E00003E76 /* Seeker */,
				56FD127721F37F8E00003E76 /* Products */,
				1E2C6B203D5AFD139493CE46 /* Pods */,
				2DA6279E93FAA54E8843C540 /* Frameworks */,
			);
			sourceTree = "<group>";
		};
		56FD127721F37F8E00003E76 /* Products */ = {
			isa = PBXGroup;
			children = (
				56FD127621F37F8E00003E76 /* Seeker.app */,
			);
			name = Products;
			sourceTree = "<group>";
		};
		56FD127821F37F8E00003E76 /* Seeker */ = {
			isa = PBXGroup;
			children = (
				56FD128B21F3831300003E76 /* Helpers */,
				5673D0E4220F5C92007A5905 /* Models */,
				56501D2321F8C3EC00B0E29F /* Views */,
				563F3A2021F3B24A005F4FD3 /* Controllers */,
				56FD127921F37F8E00003E76 /* AppDelegate.swift */,
				5646D41E21FBC3BC00AEBDA2 /* NetworkService.swift */,
				56FD128521F37F8F00003E76 /* Info.plist */,
				563EF18121F4032B007BF390 /* NOT_USED.xcdatamodeld */,
				56FD128221F37F8F00003E76 /* LaunchScreen.storyboard */,
				56FD128021F37F8F00003E76 /* Assets.xcassets */,
			);
			path = Seeker;
			sourceTree = "<group>";
		};
		56FD128B21F3831300003E76 /* Helpers */ = {
			isa = PBXGroup;
			children = (
				56FD128C21F3833800003E76 /* Extensions + statics.swift */,
				569F855B21F3DD260099830A /* SUtils.swift */,
				56FD128E21F393F000003E76 /* Props.swift */,
			);
			path = Helpers;
			sourceTree = "<group>";
		};
/* End PBXGroup section */

/* Begin PBXNativeTarget section */
		56FD127521F37F8E00003E76 /* Seeker */ = {
			isa = PBXNativeTarget;
			buildConfigurationList = 56FD128821F37F8F00003E76 /* Build configuration list for PBXNativeTarget "Seeker" */;
			buildPhases = (
				BD59A2B56E8A8686ACB79256 /* [CP] Check Pods Manifest.lock */,
				56FD127221F37F8E00003E76 /* Sources */,
				56FD127321F37F8E00003E76 /* Frameworks */,
				56FD127421F37F8E00003E76 /* Resources */,
				40AB9B50A062AC8E169CC685 /* [CP] Embed Pods Frameworks */,
			);
			buildRules = (
			);
			dependencies = (
			);
			name = Seeker;
			productName = Seeker;
			productReference = 56FD127621F37F8E00003E76 /* Seeker.app */;
			productType = "com.apple.product-type.application";
		};
/* End PBXNativeTarget section */

/* Begin PBXProject section */
		56FD126E21F37F8E00003E76 /* Project object */ = {
			isa = PBXProject;
			attributes = {
				LastSwiftUpdateCheck = 0940;
				LastUpgradeCheck = 0940;
				ORGANIZATIONNAME = "Zinko Viacheslav";
				TargetAttributes = {
					56FD127521F37F8E00003E76 = {
						CreatedOnToolsVersion = 9.4.1;
						LastSwiftMigration = 1010;
						SystemCapabilities = {
							com.apple.SafariKeychain = {
								enabled = 0;
							};
						};
					};
				};
			};
			buildConfigurationList = 56FD127121F37F8E00003E76 /* Build configuration list for PBXProject "Seeker" */;
			compatibilityVersion = "Xcode 9.3";
			developmentRegion = en;
			hasScannedForEncodings = 0;
			knownRegions = (
				en,
				Base,
			);
			mainGroup = 56FD126D21F37F8E00003E76;
			productRefGroup = 56FD127721F37F8E00003E76 /* Products */;
			projectDirPath = "";
			projectRoot = "";
			targets = (
				56FD127521F37F8E00003E76 /* Seeker */,
			);
		};
/* End PBXProject section */

/* Begin PBXResourcesBuildPhase section */
		56FD127421F37F8E00003E76 /* Resources */ = {
			isa = PBXResourcesBuildPhase;
			buildActionMask = 2147483647;
			files = (
				56FD128421F37F8F00003E76 /* LaunchScreen.storyboard in Resources */,
				56FD128121F37F8F00003E76 /* Assets.xcassets in Resources */,
			);
			runOnlyForDeploymentPostprocessing = 0;
		};
/* End PBXResourcesBuildPhase section */

/* Begin PBXShellScriptBuildPhase section */
		40AB9B50A062AC8E169CC685 /* [CP] Embed Pods Frameworks */ = {
			isa = PBXShellScriptBuildPhase;
			buildActionMask = 2147483647;
			files = (
			);
			inputPaths = (
				"${SRCROOT}/Pods/Target Support Files/Pods-Seeker/Pods-Seeker-frameworks.sh",
				"${BUILT_PRODUCTS_DIR}/Realm/Realm.framework",
				"${BUILT_PRODUCTS_DIR}/RealmSwift/RealmSwift.framework",
			);
			name = "[CP] Embed Pods Frameworks";
			outputPaths = (
				"${TARGET_BUILD_DIR}/${FRAMEWORKS_FOLDER_PATH}/Realm.framework",
				"${TARGET_BUILD_DIR}/${FRAMEWORKS_FOLDER_PATH}/RealmSwift.framework",
			);
			runOnlyForDeploymentPostprocessing = 0;
			shellPath = /bin/sh;
			shellScript = "\"${SRCROOT}/Pods/Target Support Files/Pods-Seeker/Pods-Seeker-frameworks.sh\"\n";
			showEnvVarsInLog = 0;
		};
		BD59A2B56E8A8686ACB79256 /* [CP] Check Pods Manifest.lock */ = {
			isa = PBXShellScriptBuildPhase;
			buildActionMask = 2147483647;
			files = (
			);
			inputPaths = (
				"${PODS_PODFILE_DIR_PATH}/Podfile.lock",
				"${PODS_ROOT}/Manifest.lock",
			);
			name = "[CP] Check Pods Manifest.lock";
			outputPaths = (
				"$(DERIVED_FILE_DIR)/Pods-Seeker-checkManifestLockResult.txt",
			);
			runOnlyForDeploymentPostprocessing = 0;
			shellPath = /bin/sh;
			shellScript = "diff \"${PODS_PODFILE_DIR_PATH}/Podfile.lock\" \"${PODS_ROOT}/Manifest.lock\" > /dev/null\nif [ $? != 0 ] ; then\n    # print error to STDERR\n    echo \"error: The sandbox is not in sync with the Podfile.lock. Run 'pod install' or update your CocoaPods installation.\" >&2\n    exit 1\nfi\n# This output is used by Xcode 'outputs' to avoid re-running this script phase.\necho \"SUCCESS\" > \"${SCRIPT_OUTPUT_FILE_0}\"\n";
			showEnvVarsInLog = 0;
		};
/* End PBXShellScriptBuildPhase section */

/* Begin PBXSourcesBuildPhase section */
		56FD127221F37F8E00003E76 /* Sources */ = {
			isa = PBXSourcesBuildPhase;
			buildActionMask = 2147483647;
			files = (
				56FD127C21F37F8E00003E76 /* ComController.swift in Sources */,
				56FD127A21F37F8E00003E76 /* AppDelegate.swift in Sources */,
				56FD128F21F393F000003E76 /* Props.swift in Sources */,
				5673D0E8220F7BFA007A5905 /* RealmModels.swift in Sources */,
				563E867921F8F2A80005A17A /* AddEmployeeController.swift in Sources */,
				5673D0E6220F5CD6007A5905 /* EntitiesModels.swift in Sources */,
				563E867521F8E5B70005A17A /* ComController+UITableView.swift in Sources */,
				5646D41F21FBC3BC00AEBDA2 /* NetworkService.swift in Sources */,
				563E867721F8EB010005A17A /* EmployeesController.swift in Sources */,
				56FD128D21F3833800003E76 /* Extensions + statics.swift in Sources */,
				569F855C21F3DD260099830A /* SUtils.swift in Sources */,
				56501D2521F8C40E00B0E29F /* CompanyCell.swift in Sources */,
				563EF18321F4032B007BF390 /* NOT_USED.xcdatamodeld in Sources */,
				563F3A1F21F3B1BB005F4FD3 /* AddCompanyController.swift in Sources */,
			);
			runOnlyForDeploymentPostprocessing = 0;
		};
/* End PBXSourcesBuildPhase section */

/* Begin PBXVariantGroup section */
		56FD128221F37F8F00003E76 /* LaunchScreen.storyboard */ = {
			isa = PBXVariantGroup;
			children = (
				56FD128321F37F8F00003E76 /* Base */,
			);
			name = LaunchScreen.storyboard;
			sourceTree = "<group>";
		};
/* End PBXVariantGroup section */

/* Begin XCBuildConfiguration section */
		56FD128621F37F8F00003E76 /* Debug */ = {
			isa = XCBuildConfiguration;
			buildSettings = {
				ALWAYS_SEARCH_USER_PATHS = NO;
				CLANG_ANALYZER_NONNULL = YES;
				CLANG_ANALYZER_NUMBER_OBJECT_CONVERSION = YES_AGGRESSIVE;
				CLANG_CXX_LANGUAGE_STANDARD = "gnu++14";
				CLANG_CXX_LIBRARY = "libc++";
				CLANG_ENABLE_MODULES = YES;
				CLANG_ENABLE_OBJC_ARC = YES;
				CLANG_ENABLE_OBJC_WEAK = YES;
				CLANG_WARN_BLOCK_CAPTURE_AUTORELEASING = YES;
				CLANG_WARN_BOOL_CONVERSION = YES;
				CLANG_WARN_COMMA = YES;
				CLANG_WARN_CONSTANT_CONVERSION = YES;
				CLANG_WARN_DEPRECATED_OBJC_IMPLEMENTATIONS = YES;
				CLANG_WARN_DIRECT_OBJC_ISA_USAGE = YES_ERROR;
				CLANG_WARN_DOCUMENTATION_COMMENTS = YES;
				CLANG_WARN_EMPTY_BODY = YES;
				CLANG_WARN_ENUM_CONVERSION = YES;
				CLANG_WARN_INFINITE_RECURSION = YES;
				CLANG_WARN_INT_CONVERSION = YES;
				CLANG_WARN_NON_LITERAL_NULL_CONVERSION = YES;
				CLANG_WARN_OBJC_IMPLICIT_RETAIN_SELF = YES;
				CLANG_WARN_OBJC_LITERAL_CONVERSION = YES;
				CLANG_WARN_OBJC_ROOT_CLASS = YES_ERROR;
				CLANG_WARN_RANGE_LOOP_ANALYSIS = YES;
				CLANG_WARN_STRICT_PROTOTYPES = YES;
				CLANG_WARN_SUSPICIOUS_MOVE = YES;
				CLANG_WARN_UNGUARDED_AVAILABILITY = YES_AGGRESSIVE;
				CLANG_WARN_UNREACHABLE_CODE = YES;
				CLANG_WARN__DUPLICATE_METHOD_MATCH = YES;
				CODE_SIGN_IDENTITY = "iPhone Developer";
				COPY_PHASE_STRIP = NO;
				DEBUG_INFORMATION_FORMAT = dwarf;
				ENABLE_STRICT_OBJC_MSGSEND = YES;
				ENABLE_TESTABILITY = YES;
				GCC_C_LANGUAGE_STANDARD = gnu11;
				GCC_DYNAMIC_NO_PIC = NO;
				GCC_NO_COMMON_BLOCKS = YES;
				GCC_OPTIMIZATION_LEVEL = 0;
				GCC_PREPROCESSOR_DEFINITIONS = (
					"DEBUG=1",
					"$(inherited)",
				);
				GCC_WARN_64_TO_32_BIT_CONVERSION = YES;
				GCC_WARN_ABOUT_RETURN_TYPE = YES_ERROR;
				GCC_WARN_UNDECLARED_SELECTOR = YES;
				GCC_WARN_UNINITIALIZED_AUTOS = YES_AGGRESSIVE;
				GCC_WARN_UNUSED_FUNCTION = YES;
				GCC_WARN_UNUSED_VARIABLE = YES;
				IPHONEOS_DEPLOYMENT_TARGET = 11.4;
				MTL_ENABLE_DEBUG_INFO = YES;
				ONLY_ACTIVE_ARCH = YES;
				SDKROOT = iphoneos;
				SWIFT_ACTIVE_COMPILATION_CONDITIONS = DEBUG;
				SWIFT_OPTIMIZATION_LEVEL = "-Onone";
			};
			name = Debug;
		};
		56FD128721F37F8F00003E76 /* Release */ = {
			isa = XCBuildConfiguration;
			buildSettings = {
				ALWAYS_SEARCH_USER_PATHS = NO;
				CLANG_ANALYZER_NONNULL = YES;
				CLANG_ANALYZER_NUMBER_OBJECT_CONVERSION = YES_AGGRESSIVE;
				CLANG_CXX_LANGUAGE_STANDARD = "gnu++14";
				CLANG_CXX_LIBRARY = "libc++";
				CLANG_ENABLE_MODULES = YES;
				CLANG_ENABLE_OBJC_ARC = YES;
				CLANG_ENABLE_OBJC_WEAK = YES;
				CLANG_WARN_BLOCK_CAPTURE_AUTORELEASING = YES;
				CLANG_WARN_BOOL_CONVERSION = YES;
				CLANG_WARN_COMMA = YES;
				CLANG_WARN_CONSTANT_CONVERSION = YES;
				CLANG_WARN_DEPRECATED_OBJC_IMPLEMENTATIONS = YES;
				CLANG_WARN_DIRECT_OBJC_ISA_USAGE = YES_ERROR;
				CLANG_WARN_DOCUMENTATION_COMMENTS = YES;
				CLANG_WARN_EMPTY_BODY = YES;
				CLANG_WARN_ENUM_CONVERSION = YES;
				CLANG_WARN_INFINITE_RECURSION = YES;
				CLANG_WARN_INT_CONVERSION = YES;
				CLANG_WARN_NON_LITERAL_NULL_CONVERSION = YES;
				CLANG_WARN_OBJC_IMPLICIT_RETAIN_SELF = YES;
				CLANG_WARN_OBJC_LITERAL_CONVERSION = YES;
				CLANG_WARN_OBJC_ROOT_CLASS = YES_ERROR;
				CLANG_WARN_RANGE_LOOP_ANALYSIS = YES;
				CLANG_WARN_STRICT_PROTOTYPES = YES;
				CLANG_WARN_SUSPICIOUS_MOVE = YES;
				CLANG_WARN_UNGUARDED_AVAILABILITY = YES_AGGRESSIVE;
				CLANG_WARN_UNREACHABLE_CODE = YES;
				CLANG_WARN__DUPLICATE_METHOD_MATCH = YES;
				CODE_SIGN_IDENTITY = "iPhone Developer";
				COPY_PHASE_STRIP = NO;
				DEBUG_INFORMATION_FORMAT = "dwarf-with-dsym";
				ENABLE_NS_ASSERTIONS = NO;
				ENABLE_STRICT_OBJC_MSGSEND = YES;
				GCC_C_LANGUAGE_STANDARD = gnu11;
				GCC_NO_COMMON_BLOCKS = YES;
				GCC_WARN_64_TO_32_BIT_CONVERSION = YES;
				GCC_WARN_ABOUT_RETURN_TYPE = YES_ERROR;
				GCC_WARN_UNDECLARED_SELECTOR = YES;
				GCC_WARN_UNINITIALIZED_AUTOS = YES_AGGRESSIVE;
				GCC_WARN_UNUSED_FUNCTION = YES;
				GCC_WARN_UNUSED_VARIABLE = YES;
				IPHONEOS_DEPLOYMENT_TARGET = 11.4;
				MTL_ENABLE_DEBUG_INFO = NO;
				SDKROOT = iphoneos;
				SWIFT_COMPILATION_MODE = wholemodule;
				SWIFT_OPTIMIZATION_LEVEL = "-O";
				VALIDATE_PRODUCT = YES;
			};
			name = Release;
		};
		56FD128921F37F8F00003E76 /* Debug */ = {
			isa = XCBuildConfiguration;
			baseConfigurationReference = 66DBCC60347F380876F5AA6A /* Pods-Seeker.debug.xcconfig */;
			buildSettings = {
				ASSETCATALOG_COMPILER_APPICON_NAME = AppIcon;
				CODE_SIGN_STYLE = Automatic;
				DEVELOPMENT_TEAM = LC7P3687MC;
				INFOPLIST_FILE = Seeker/Info.plist;
				LD_RUNPATH_SEARCH_PATHS = (
					"$(inherited)",
					"@executable_path/Frameworks",
				);
				PRODUCT_BUNDLE_IDENTIFIER = com.zslavman.Seeker;
				PRODUCT_NAME = "$(TARGET_NAME)";
				SWIFT_VERSION = 4.2;
				TARGETED_DEVICE_FAMILY = "1,2";
			};
			name = Debug;
		};
		56FD128A21F37F8F00003E76 /* Release */ = {
			isa = XCBuildConfiguration;
			baseConfigurationReference = 85C8DC0C3CD474C249EB0B63 /* Pods-Seeker.release.xcconfig */;
			buildSettings = {
				ASSETCATALOG_COMPILER_APPICON_NAME = AppIcon;
				CODE_SIGN_STYLE = Automatic;
				DEVELOPMENT_TEAM = LC7P3687MC;
				INFOPLIST_FILE = Seeker/Info.plist;
				LD_RUNPATH_SEARCH_PATHS = (
					"$(inherited)",
					"@executable_path/Frameworks",
				);
				PRODUCT_BUNDLE_IDENTIFIER = com.zslavman.Seeker;
				PRODUCT_NAME = "$(TARGET_NAME)";
				SWIFT_VERSION = 4.2;
				TARGETED_DEVICE_FAMILY = "1,2";
			};
			name = Release;
		};
/* End XCBuildConfiguration section */

/* Begin XCConfigurationList section */
		56FD127121F37F8E00003E76 /* Build configuration list for PBXProject "Seeker" */ = {
			isa = XCConfigurationList;
			buildConfigurations = (
				56FD128621F37F8F00003E76 /* Debug */,
				56FD128721F37F8F00003E76 /* Release */,
			);
			defaultConfigurationIsVisible = 0;
			defaultConfigurationName = Release;
		};
		56FD128821F37F8F00003E76 /* Build configuration list for PBXNativeTarget "Seeker" */ = {
			isa = XCConfigurationList;
			buildConfigurations = (
				56FD128921F37F8F00003E76 /* Debug */,
				56FD128A21F37F8F00003E76 /* Release */,
			);
			defaultConfigurationIsVisible = 0;
			defaultConfigurationName = Release;
		};
/* End XCConfigurationList section */

/* Begin XCVersionGroup section */
		563EF18121F4032B007BF390 /* NOT_USED.xcdatamodeld */ = {
			isa = XCVersionGroup;
			children = (
				5645F8FB21FCA15800909518 /* CoreDataModel v1.1.xcdatamodel */,
				563EF18221F4032B007BF390 /* CoreDataModel.xcdatamodel */,
			);
			currentVersion = 5645F8FB21FCA15800909518 /* CoreDataModel v1.1.xcdatamodel */;
			path = NOT_USED.xcdatamodeld;
			sourceTree = "<group>";
			versionGroupType = wrapper.xcdatamodel;
		};
/* End XCVersionGroup section */
	};
	rootObject = 56FD126E21F37F8E00003E76 /* Project object */;
}
