// !$*UTF8*$!
{
	archiveVersion = 1;
	classes = {
	};
	objectVersion = 50;
	objects = {

/* Begin PBXBuildFile section */
		563E29FA21F435560093C45B /* CoreDataManager.swift in Sources */ = {isa = PBXBuildFile; fileRef = 563E29F921F435560093C45B /* CoreDataManager.swift */; };
		563E867321F8E48F0005A17A /* ComController+AddCompanyProtocol.swift in Sources */ = {isa = PBXBuildFile; fileRef = 563E867221F8E48F0005A17A /* ComController+AddCompanyProtocol.swift */; };
		563E867521F8E5B70005A17A /* ComController+UITableView.swift in Sources */ = {isa = PBXBuildFile; fileRef = 563E867421F8E5B70005A17A /* ComController+UITableView.swift */; };
		563E867721F8EB010005A17A /* EmployeesController.swift in Sources */ = {isa = PBXBuildFile; fileRef = 563E867621F8EB010005A17A /* EmployeesController.swift */; };
		563E867921F8F2A80005A17A /* AddEmployeeController.swift in Sources */ = {isa = PBXBuildFile; fileRef = 563E867821F8F2A80005A17A /* AddEmployeeController.swift */; };
		563EF18321F4032B007BF390 /* CoreDataModel.xcdatamodeld in Sources */ = {isa = PBXBuildFile; fileRef = 563EF18121F4032B007BF390 /* CoreDataModel.xcdatamodeld */; };
		563F3A1D21F3AE47005F4FD3 /* CompanyModel.swift in Sources */ = {isa = PBXBuildFile; fileRef = 563F3A1C21F3AE47005F4FD3 /* CompanyModel.swift */; };
		563F3A1F21F3B1BB005F4FD3 /* AddCompanyController.swift in Sources */ = {isa = PBXBuildFile; fileRef = 563F3A1E21F3B1BB005F4FD3 /* AddCompanyController.swift */; };
		563FF9FD21FB794200776B56 /* CoreDataSamples.swift in Sources */ = {isa = PBXBuildFile; fileRef = 563FF9FC21FB794200776B56 /* CoreDataSamples.swift */; };
		563FF9FF21FB7FE500776B56 /* CompaniesAutoUpdateController.swift in Sources */ = {isa = PBXBuildFile; fileRef = 563FF9FE21FB7FE500776B56 /* CompaniesAutoUpdateController.swift */; };
		5645F8FD21FCAC1600909518 /* ComController+NSFetchedResultsControllerDelegate.swift in Sources */ = {isa = PBXBuildFile; fileRef = 5645F8FC21FCAC1600909518 /* ComController+NSFetchedResultsControllerDelegate.swift */; };
		5646D41F21FBC3BC00AEBDA2 /* NetworkService.swift in Sources */ = {isa = PBXBuildFile; fileRef = 5646D41E21FBC3BC00AEBDA2 /* NetworkService.swift */; };
		56501D2521F8C40E00B0E29F /* CompanyCell.swift in Sources */ = {isa = PBXBuildFile; fileRef = 56501D2421F8C40E00B0E29F /* CompanyCell.swift */; };
		569F855C21F3DD260099830A /* Calc.swift in Sources */ = {isa = PBXBuildFile; fileRef = 569F855B21F3DD260099830A /* Calc.swift */; };
		56FD127A21F37F8E00003E76 /* AppDelegate.swift in Sources */ = {isa = PBXBuildFile; fileRef = 56FD127921F37F8E00003E76 /* AppDelegate.swift */; };
		56FD127C21F37F8E00003E76 /* ComController.swift in Sources */ = {isa = PBXBuildFile; fileRef = 56FD127B21F37F8E00003E76 /* ComController.swift */; };
		56FD128121F37F8F00003E76 /* Assets.xcassets in Resources */ = {isa = PBXBuildFile; fileRef = 56FD128021F37F8F00003E76 /* Assets.xcassets */; };
		56FD128421F37F8F00003E76 /* LaunchScreen.storyboard in Resources */ = {isa = PBXBuildFile; fileRef = 56FD128221F37F8F00003E76 /* LaunchScreen.storyboard */; };
		56FD128D21F3833800003E76 /* Extensions + statics.swift in Sources */ = {isa = PBXBuildFile; fileRef = 56FD128C21F3833800003E76 /* Extensions + statics.swift */; };
		56FD128F21F393F000003E76 /* Props.swift in Sources */ = {isa = PBXBuildFile; fileRef = 56FD128E21F393F000003E76 /* Props.swift */; };
/* End PBXBuildFile section */

/* Begin PBXFileReference section */
		563E29F921F435560093C45B /* CoreDataManager.swift */ = {isa = PBXFileReference; lastKnownFileType = sourcecode.swift; path = CoreDataManager.swift; sourceTree = "<group>"; };
		563E867221F8E48F0005A17A /* ComController+AddCompanyProtocol.swift */ = {isa = PBXFileReference; lastKnownFileType = sourcecode.swift; path = "ComController+AddCompanyProtocol.swift"; sourceTree = "<group>"; };
		563E867421F8E5B70005A17A /* ComController+UITableView.swift */ = {isa = PBXFileReference; lastKnownFileType = sourcecode.swift; path = "ComController+UITableView.swift"; sourceTree = "<group>"; };
		563E867621F8EB010005A17A /* EmployeesController.swift */ = {isa = PBXFileReference; lastKnownFileType = sourcecode.swift; path = EmployeesController.swift; sourceTree = "<group>"; };
		563E867821F8F2A80005A17A /* AddEmployeeController.swift */ = {isa = PBXFileReference; lastKnownFileType = sourcecode.swift; path = AddEmployeeController.swift; sourceTree = "<group>"; };
		563EF18221F4032B007BF390 /* CoreDataModel.xcdatamodel */ = {isa = PBXFileReference; lastKnownFileType = wrapper.xcdatamodel; path = CoreDataModel.xcdatamodel; sourceTree = "<group>"; };
		563F3A1C21F3AE47005F4FD3 /* CompanyModel.swift */ = {isa = PBXFileReference; lastKnownFileType = sourcecode.swift; path = CompanyModel.swift; sourceTree = "<group>"; };
		563F3A1E21F3B1BB005F4FD3 /* AddCompanyController.swift */ = {isa = PBXFileReference; lastKnownFileType = sourcecode.swift; path = AddCompanyController.swift; sourceTree = "<group>"; };
		563FF9FC21FB794200776B56 /* CoreDataSamples.swift */ = {isa = PBXFileReference; lastKnownFileType = sourcecode.swift; path = CoreDataSamples.swift; sourceTree = "<group>"; };
		563FF9FE21FB7FE500776B56 /* CompaniesAutoUpdateController.swift */ = {isa = PBXFileReference; lastKnownFileType = sourcecode.swift; path = CompaniesAutoUpdateController.swift; sourceTree = "<group>"; };
		5645F8FB21FCA15800909518 /* CoreDataModel v1.1.xcdatamodel */ = {isa = PBXFileReference; lastKnownFileType = wrapper.xcdatamodel; path = "CoreDataModel v1.1.xcdatamodel"; sourceTree = "<group>"; };
		5645F8FC21FCAC1600909518 /* ComController+NSFetchedResultsControllerDelegate.swift */ = {isa = PBXFileReference; lastKnownFileType = sourcecode.swift; path = "ComController+NSFetchedResultsControllerDelegate.swift"; sourceTree = "<group>"; };
		5646D41E21FBC3BC00AEBDA2 /* NetworkService.swift */ = {isa = PBXFileReference; lastKnownFileType = sourcecode.swift; path = NetworkService.swift; sourceTree = "<group>"; };
		56501D2421F8C40E00B0E29F /* CompanyCell.swift */ = {isa = PBXFileReference; lastKnownFileType = sourcecode.swift; path = CompanyCell.swift; sourceTree = "<group>"; };
		569F855B21F3DD260099830A /* Calc.swift */ = {isa = PBXFileReference; lastKnownFileType = sourcecode.swift; path = Calc.swift; sourceTree = "<group>"; };
		56FD127621F37F8E00003E76 /* Seeker.app */ = {isa = PBXFileReference; explicitFileType = wrapper.application; includeInIndex = 0; path = Seeker.app; sourceTree = BUILT_PRODUCTS_DIR; };
		56FD127921F37F8E00003E76 /* AppDelegate.swift */ = {isa = PBXFileReference; lastKnownFileType = sourcecode.swift; path = AppDelegate.swift; sourceTree = "<group>"; };
		56FD127B21F37F8E00003E76 /* ComController.swift */ = {isa = PBXFileReference; lastKnownFileType = sourcecode.swift; path = ComController.swift; sourceTree = "<group>"; };
		56FD128021F37F8F00003E76 /* Assets.xcassets */ = {isa = PBXFileReference; lastKnownFileType = folder.assetcatalog; path = Assets.xcassets; sourceTree = "<group>"; };
		56FD128321F37F8F00003E76 /* Base */ = {isa = PBXFileReference; lastKnownFileType = file.storyboard; name = Base; path = Base.lproj/LaunchScreen.storyboard; sourceTree = "<group>"; };
		56FD128521F37F8F00003E76 /* Info.plist */ = {isa = PBXFileReference; lastKnownFileType = text.plist.xml; path = Info.plist; sourceTree = "<group>"; };
		56FD128C21F3833800003E76 /* Extensions + statics.swift */ = {isa = PBXFileReference; lastKnownFileType = sourcecode.swift; path = "Extensions + statics.swift"; sourceTree = "<group>"; };
		56FD128E21F393F000003E76 /* Props.swift */ = {isa = PBXFileReference; lastKnownFileType = sourcecode.swift; path = Props.swift; sourceTree = "<group>"; };
/* End PBXFileReference section */

/* Begin PBXFrameworksBuildPhase section */
		56FD127321F37F8E00003E76 /* Frameworks */ = {
			isa = PBXFrameworksBuildPhase;
			buildActionMask = 2147483647;
			files = (
			);
			runOnlyForDeploymentPostprocessing = 0;
		};
/* End PBXFrameworksBuildPhase section */

/* Begin PBXGroup section */
		563F3A2021F3B24A005F4FD3 /* Controllers */ = {
			isa = PBXGroup;
			children = (
				564E16E321F9DEDD00F51934 /* Companies */,
				564E16E421F9DEFC00F51934 /* Employees */,
			);
			path = Controllers;
			sourceTree = "<group>";
		};
		563F3A2121F3B25D005F4FD3 /* Models */ = {
			isa = PBXGroup;
			children = (
				563F3A1C21F3AE47005F4FD3 /* CompanyModel.swift */,
			);
			path = Models;
			sourceTree = "<group>";
		};
		564E16E321F9DEDD00F51934 /* Companies */ = {
			isa = PBXGroup;
			children = (
				56FD127B21F37F8E00003E76 /* ComController.swift */,
				563E867421F8E5B70005A17A /* ComController+UITableView.swift */,
				563E867221F8E48F0005A17A /* ComController+AddCompanyProtocol.swift */,
				5645F8FC21FCAC1600909518 /* ComController+NSFetchedResultsControllerDelegate.swift */,
				563F3A1E21F3B1BB005F4FD3 /* AddCompanyController.swift */,
				563FF9FE21FB7FE500776B56 /* CompaniesAutoUpdateController.swift */,
			);
			path = Companies;
			sourceTree = "<group>";
		};
		564E16E421F9DEFC00F51934 /* Employees */ = {
			isa = PBXGroup;
			children = (
				563E867621F8EB010005A17A /* EmployeesController.swift */,
				563E867821F8F2A80005A17A /* AddEmployeeController.swift */,
			);
			path = Employees;
			sourceTree = "<group>";
		};
		56501D2321F8C3EC00B0E29F /* Views */ = {
			isa = PBXGroup;
			children = (
				56501D2421F8C40E00B0E29F /* CompanyCell.swift */,
			);
			path = Views;
			sourceTree = "<group>";
		};
		56FD126D21F37F8E00003E76 = {
			isa = PBXGroup;
			children = (
				56FD127821F37F8E00003E76 /* Seeker */,
				56FD127721F37F8E00003E76 /* Products */,
			);
			sourceTree = "<group>";
		};
		56FD127721F37F8E00003E76 /* Products */ = {
			isa = PBXGroup;
			children = (
				56FD127621F37F8E00003E76 /* Seeker.app */,
			);
			name = Products;
			sourceTree = "<group>";
		};
		56FD127821F37F8E00003E76 /* Seeker */ = {
			isa = PBXGroup;
			children = (
				56FD128B21F3831300003E76 /* Helpers */,
				563F3A2121F3B25D005F4FD3 /* Models */,
				56501D2321F8C3EC00B0E29F /* Views */,
				563F3A2021F3B24A005F4FD3 /* Controllers */,
				5646D41E21FBC3BC00AEBDA2 /* NetworkService.swift */,
				563E29F921F435560093C45B /* CoreDataManager.swift */,
				563EF18121F4032B007BF390 /* CoreDataModel.xcdatamodeld */,
				56FD127921F37F8E00003E76 /* AppDelegate.swift */,
				56FD128521F37F8F00003E76 /* Info.plist */,
				56FD128221F37F8F00003E76 /* LaunchScreen.storyboard */,
				56FD128021F37F8F00003E76 /* Assets.xcassets */,
			);
			path = Seeker;
			sourceTree = "<group>";
		};
		56FD128B21F3831300003E76 /* Helpers */ = {
			isa = PBXGroup;
			children = (
				56FD128C21F3833800003E76 /* Extensions + statics.swift */,
				569F855B21F3DD260099830A /* Calc.swift */,
				56FD128E21F393F000003E76 /* Props.swift */,
				563FF9FC21FB794200776B56 /* CoreDataSamples.swift */,
			);
			path = Helpers;
			sourceTree = "<group>";
		};
/* End PBXGroup section */

/* Begin PBXNativeTarget section */
		56FD127521F37F8E00003E76 /* Seeker */ = {
			isa = PBXNativeTarget;
			buildConfigurationList = 56FD128821F37F8F00003E76 /* Build configuration list for PBXNativeTarget "Seeker" */;
			buildPhases = (
				56FD127221F37F8E00003E76 /* Sources */,
				56FD127321F37F8E00003E76 /* Frameworks */,
				56FD127421F37F8E00003E76 /* Resources */,
			);
			buildRules = (
			);
			dependencies = (
			);
			name = Seeker;
			productName = Seeker;
			productReference = 56FD127621F37F8E00003E76 /* Seeker.app */;
			productType = "com.apple.product-type.application";
		};
/* End PBXNativeTarget section */

/* Begin PBXProject section */
		56FD126E21F37F8E00003E76 /* Project object */ = {
			isa = PBXProject;
			attributes = {
				LastSwiftUpdateCheck = 0940;
				LastUpgradeCheck = 0940;
				ORGANIZATIONNAME = "Zinko Viacheslav";
				TargetAttributes = {
					56FD127521F37F8E00003E76 = {
						CreatedOnToolsVersion = 9.4.1;
					};
				};
			};
			buildConfigurationList = 56FD127121F37F8E00003E76 /* Build configuration list for PBXProject "Seeker" */;
			compatibilityVersion = "Xcode 9.3";
			developmentRegion = en;
			hasScannedForEncodings = 0;
			knownRegions = (
				en,
				Base,
			);
			mainGroup = 56FD126D21F37F8E00003E76;
			productRefGroup = 56FD127721F37F8E00003E76 /* Products */;
			projectDirPath = "";
			projectRoot = "";
			targets = (
				56FD127521F37F8E00003E76 /* Seeker */,
			);
		};
/* End PBXProject section */

/* Begin PBXResourcesBuildPhase section */
		56FD127421F37F8E00003E76 /* Resources */ = {
			isa = PBXResourcesBuildPhase;
			buildActionMask = 2147483647;
			files = (
				56FD128421F37F8F00003E76 /* LaunchScreen.storyboard in Resources */,
				56FD128121F37F8F00003E76 /* Assets.xcassets in Resources */,
			);
			runOnlyForDeploymentPostprocessing = 0;
		};
/* End PBXResourcesBuildPhase section */

/* Begin PBXSourcesBuildPhase section */
		56FD127221F37F8E00003E76 /* Sources */ = {
			isa = PBXSourcesBuildPhase;
			buildActionMask = 2147483647;
			files = (
				56FD127C21F37F8E00003E76 /* ComController.swift in Sources */,
				56FD127A21F37F8E00003E76 /* AppDelegate.swift in Sources */,
				56FD128F21F393F000003E76 /* Props.swift in Sources */,
				563E867921F8F2A80005A17A /* AddEmployeeController.swift in Sources */,
				563E867521F8E5B70005A17A /* ComController+UITableView.swift in Sources */,
				5646D41F21FBC3BC00AEBDA2 /* NetworkService.swift in Sources */,
				563FF9FF21FB7FE500776B56 /* CompaniesAutoUpdateController.swift in Sources */,
				563E867721F8EB010005A17A /* EmployeesController.swift in Sources */,
				56FD128D21F3833800003E76 /* Extensions + statics.swift in Sources */,
				569F855C21F3DD260099830A /* Calc.swift in Sources */,
				56501D2521F8C40E00B0E29F /* CompanyCell.swift in Sources */,
				5645F8FD21FCAC1600909518 /* ComController+NSFetchedResultsControllerDelegate.swift in Sources */,
				563E867321F8E48F0005A17A /* ComController+AddCompanyProtocol.swift in Sources */,
				563FF9FD21FB794200776B56 /* CoreDataSamples.swift in Sources */,
				563F3A1D21F3AE47005F4FD3 /* CompanyModel.swift in Sources */,
				563E29FA21F435560093C45B /* CoreDataManager.swift in Sources */,
				563EF18321F4032B007BF390 /* CoreDataModel.xcdatamodeld in Sources */,
				563F3A1F21F3B1BB005F4FD3 /* AddCompanyController.swift in Sources */,
			);
			runOnlyForDeploymentPostprocessing = 0;
		};
/* End PBXSourcesBuildPhase section */

/* Begin PBXVariantGroup section */
		56FD128221F37F8F00003E76 /* LaunchScreen.storyboard */ = {
			isa = PBXVariantGroup;
			children = (
				56FD128321F37F8F00003E76 /* Base */,
			);
			name = LaunchScreen.storyboard;
			sourceTree = "<group>";
		};
/* End PBXVariantGroup section */

/* Begin XCBuildConfiguration section */
		56FD128621F37F8F00003E76 /* Debug */ = {
			isa = XCBuildConfiguration;
			buildSettings = {
				ALWAYS_SEARCH_USER_PATHS = NO;
				CLANG_ANALYZER_NONNULL = YES;
				CLANG_ANALYZER_NUMBER_OBJECT_CONVERSION = YES_AGGRESSIVE;
				CLANG_CXX_LANGUAGE_STANDARD = "gnu++14";
				CLANG_CXX_LIBRARY = "libc++";
				CLANG_ENABLE_MODULES = YES;
				CLANG_ENABLE_OBJC_ARC = YES;
				CLANG_ENABLE_OBJC_WEAK = YES;
				CLANG_WARN_BLOCK_CAPTURE_AUTORELEASING = YES;
				CLANG_WARN_BOOL_CONVERSION = YES;
				CLANG_WARN_COMMA = YES;
				CLANG_WARN_CONSTANT_CONVERSION = YES;
				CLANG_WARN_DEPRECATED_OBJC_IMPLEMENTATIONS = YES;
				CLANG_WARN_DIRECT_OBJC_ISA_USAGE = YES_ERROR;
				CLANG_WARN_DOCUMENTATION_COMMENTS = YES;
				CLANG_WARN_EMPTY_BODY = YES;
				CLANG_WARN_ENUM_CONVERSION = YES;
				CLANG_WARN_INFINITE_RECURSION = YES;
				CLANG_WARN_INT_CONVERSION = YES;
				CLANG_WARN_NON_LITERAL_NULL_CONVERSION = YES;
				CLANG_WARN_OBJC_IMPLICIT_RETAIN_SELF = YES;
				CLANG_WARN_OBJC_LITERAL_CONVERSION = YES;
				CLANG_WARN_OBJC_ROOT_CLASS = YES_ERROR;
				CLANG_WARN_RANGE_LOOP_ANALYSIS = YES;
				CLANG_WARN_STRICT_PROTOTYPES = YES;
				CLANG_WARN_SUSPICIOUS_MOVE = YES;
				CLANG_WARN_UNGUARDED_AVAILABILITY = YES_AGGRESSIVE;
				CLANG_WARN_UNREACHABLE_CODE = YES;
				CLANG_WARN__DUPLICATE_METHOD_MATCH = YES;
				CODE_SIGN_IDENTITY = "iPhone Developer";
				COPY_PHASE_STRIP = NO;
				DEBUG_INFORMATION_FORMAT = dwarf;
				ENABLE_STRICT_OBJC_MSGSEND = YES;
				ENABLE_TESTABILITY = YES;
				GCC_C_LANGUAGE_STANDARD = gnu11;
				GCC_DYNAMIC_NO_PIC = NO;
				GCC_NO_COMMON_BLOCKS = YES;
				GCC_OPTIMIZATION_LEVEL = 0;
				GCC_PREPROCESSOR_DEFINITIONS = (
					"DEBUG=1",
					"$(inherited)",
				);
				GCC_WARN_64_TO_32_BIT_CONVERSION = YES;
				GCC_WARN_ABOUT_RETURN_TYPE = YES_ERROR;
				GCC_WARN_UNDECLARED_SELECTOR = YES;
				GCC_WARN_UNINITIALIZED_AUTOS = YES_AGGRESSIVE;
				GCC_WARN_UNUSED_FUNCTION = YES;
				GCC_WARN_UNUSED_VARIABLE = YES;
				IPHONEOS_DEPLOYMENT_TARGET = 11.4;
				MTL_ENABLE_DEBUG_INFO = YES;
				ONLY_ACTIVE_ARCH = YES;
				SDKROOT = iphoneos;
				SWIFT_ACTIVE_COMPILATION_CONDITIONS = DEBUG;
				SWIFT_OPTIMIZATION_LEVEL = "-Onone";
			};
			name = Debug;
		};
		56FD128721F37F8F00003E76 /* Release */ = {
			isa = XCBuildConfiguration;
			buildSettings = {
				ALWAYS_SEARCH_USER_PATHS = NO;
				CLANG_ANALYZER_NONNULL = YES;
				CLANG_ANALYZER_NUMBER_OBJECT_CONVERSION = YES_AGGRESSIVE;
				CLANG_CXX_LANGUAGE_STANDARD = "gnu++14";
				CLANG_CXX_LIBRARY = "libc++";
				CLANG_ENABLE_MODULES = YES;
				CLANG_ENABLE_OBJC_ARC = YES;
				CLANG_ENABLE_OBJC_WEAK = YES;
				CLANG_WARN_BLOCK_CAPTURE_AUTORELEASING = YES;
				CLANG_WARN_BOOL_CONVERSION = YES;
				CLANG_WARN_COMMA = YES;
				CLANG_WARN_CONSTANT_CONVERSION = YES;
				CLANG_WARN_DEPRECATED_OBJC_IMPLEMENTATIONS = YES;
				CLANG_WARN_DIRECT_OBJC_ISA_USAGE = YES_ERROR;
				CLANG_WARN_DOCUMENTATION_COMMENTS = YES;
				CLANG_WARN_EMPTY_BODY = YES;
				CLANG_WARN_ENUM_CONVERSION = YES;
				CLANG_WARN_INFINITE_RECURSION = YES;
				CLANG_WARN_INT_CONVERSION = YES;
				CLANG_WARN_NON_LITERAL_NULL_CONVERSION = YES;
				CLANG_WARN_OBJC_IMPLICIT_RETAIN_SELF = YES;
				CLANG_WARN_OBJC_LITERAL_CONVERSION = YES;
				CLANG_WARN_OBJC_ROOT_CLASS = YES_ERROR;
				CLANG_WARN_RANGE_LOOP_ANALYSIS = YES;
				CLANG_WARN_STRICT_PROTOTYPES = YES;
				CLANG_WARN_SUSPICIOUS_MOVE = YES;
				CLANG_WARN_UNGUARDED_AVAILABILITY = YES_AGGRESSIVE;
				CLANG_WARN_UNREACHABLE_CODE = YES;
				CLANG_WARN__DUPLICATE_METHOD_MATCH = YES;
				CODE_SIGN_IDENTITY = "iPhone Developer";
				COPY_PHASE_STRIP = NO;
				DEBUG_INFORMATION_FORMAT = "dwarf-with-dsym";
				ENABLE_NS_ASSERTIONS = NO;
				ENABLE_STRICT_OBJC_MSGSEND = YES;
				GCC_C_LANGUAGE_STANDARD = gnu11;
				GCC_NO_COMMON_BLOCKS = YES;
				GCC_WARN_64_TO_32_BIT_CONVERSION = YES;
				GCC_WARN_ABOUT_RETURN_TYPE = YES_ERROR;
				GCC_WARN_UNDECLARED_SELECTOR = YES;
				GCC_WARN_UNINITIALIZED_AUTOS = YES_AGGRESSIVE;
				GCC_WARN_UNUSED_FUNCTION = YES;
				GCC_WARN_UNUSED_VARIABLE = YES;
				IPHONEOS_DEPLOYMENT_TARGET = 11.4;
				MTL_ENABLE_DEBUG_INFO = NO;
				SDKROOT = iphoneos;
				SWIFT_COMPILATION_MODE = wholemodule;
				SWIFT_OPTIMIZATION_LEVEL = "-O";
				VALIDATE_PRODUCT = YES;
			};
			name = Release;
		};
		56FD128921F37F8F00003E76 /* Debug */ = {
			isa = XCBuildConfiguration;
			buildSettings = {
				ASSETCATALOG_COMPILER_APPICON_NAME = AppIcon;
				CODE_SIGN_STYLE = Automatic;
				DEVELOPMENT_TEAM = LC7P3687MC;
				INFOPLIST_FILE = Seeker/Info.plist;
				LD_RUNPATH_SEARCH_PATHS = (
					"$(inherited)",
					"@executable_path/Frameworks",
				);
				PRODUCT_BUNDLE_IDENTIFIER = com.zslavman.Seeker;
				PRODUCT_NAME = "$(TARGET_NAME)";
				SWIFT_VERSION = 4.0;
				TARGETED_DEVICE_FAMILY = "1,2";
			};
			name = Debug;
		};
		56FD128A21F37F8F00003E76 /* Release */ = {
			isa = XCBuildConfiguration;
			buildSettings = {
				ASSETCATALOG_COMPILER_APPICON_NAME = AppIcon;
				CODE_SIGN_STYLE = Automatic;
				DEVELOPMENT_TEAM = LC7P3687MC;
				INFOPLIST_FILE = Seeker/Info.plist;
				LD_RUNPATH_SEARCH_PATHS = (
					"$(inherited)",
					"@executable_path/Frameworks",
				);
				PRODUCT_BUNDLE_IDENTIFIER = com.zslavman.Seeker;
				PRODUCT_NAME = "$(TARGET_NAME)";
				SWIFT_VERSION = 4.0;
				TARGETED_DEVICE_FAMILY = "1,2";
			};
			name = Release;
		};
/* End XCBuildConfiguration section */

/* Begin XCConfigurationList section */
		56FD127121F37F8E00003E76 /* Build configuration list for PBXProject "Seeker" */ = {
			isa = XCConfigurationList;
			buildConfigurations = (
				56FD128621F37F8F00003E76 /* Debug */,
				56FD128721F37F8F00003E76 /* Release */,
			);
			defaultConfigurationIsVisible = 0;
			defaultConfigurationName = Release;
		};
		56FD128821F37F8F00003E76 /* Build configuration list for PBXNativeTarget "Seeker" */ = {
			isa = XCConfigurationList;
			buildConfigurations = (
				56FD128921F37F8F00003E76 /* Debug */,
				56FD128A21F37F8F00003E76 /* Release */,
			);
			defaultConfigurationIsVisible = 0;
			defaultConfigurationName = Release;
		};
/* End XCConfigurationList section */

/* Begin XCVersionGroup section */
		563EF18121F4032B007BF390 /* CoreDataModel.xcdatamodeld */ = {
			isa = XCVersionGroup;
			children = (
				5645F8FB21FCA15800909518 /* CoreDataModel v1.1.xcdatamodel */,
				563EF18221F4032B007BF390 /* CoreDataModel.xcdatamodel */,
			);
			currentVersion = 5645F8FB21FCA15800909518 /* CoreDataModel v1.1.xcdatamodel */;
			path = CoreDataModel.xcdatamodeld;
			sourceTree = "<group>";
			versionGroupType = wrapper.xcdatamodel;
		};
/* End XCVersionGroup section */
	};
	rootObject = 56FD126E21F37F8E00003E76 /* Project object */;
}
